
Microsoft Visual Studio Solution File, Format Version 12.00
# Visual Studio Version 16
VisualStudioVersion = 16.0.33529.622
MinimumVisualStudioVersion = 10.0.40219.1
Project("{FAE04EC0-301F-11D3-BF4B-00C04F79EFBC}") = "StudyP071", "StudyP071\StudyP071.csproj", "{64A1ACEA-778E-49FE-815E-C72F6764B934}"
EndProject
Global
	GlobalSection(SolutionConfigurationPlatforms) = preSolution
		Debug|Any CPU = Debug|Any CPU
		Release|Any CPU = Release|Any CPU
	EndGlobalSection
	GlobalSection(ProjectConfigurationPlatforms) = postSolution
		{64A1ACEA-778E-49FE-815E-C72F6764B934}.Debug|Any CPU.ActiveCfg = Debug|Any CPU
		{64A1ACEA-778E-49FE-815E-C72F6764B934}.Debug|Any CPU.Build.0 = Debug|Any CPU
		{64A1ACEA-778E-49FE-815E-C72F6764B934}.Release|Any CPU.ActiveCfg = Release|Any CPU
		{64A1ACEA-778E-49FE-815E-C72F6764B934}.Release|Any CPU.Build.0 = Release|Any CPU
	EndGlobalSection
	GlobalSection(SolutionProperties) = preSolution
		HideSolutionNode = FALSE
	EndGlobalSection
	GlobalSection(ExtensibilityGlobals) = postSolution
		SolutionGuid = {6BDCB56E-504A-4CEC-A860-DC751E87687B}
	EndGlobalSection
EndGlobal
