
Microsoft Visual Studio Solution File, Format Version 12.00
# Visual Studio Version 16
VisualStudioVersion = 16.0.33529.622
MinimumVisualStudioVersion = 10.0.40219.1
Project("{FAE04EC0-301F-11D3-BF4B-00C04F79EFBC}") = "kuku", "kuku\kuku.csproj", "{40A00035-85FD-44C1-9FDA-F7407FC98A01}"
EndProject
Global
	GlobalSection(SolutionConfigurationPlatforms) = preSolution
		Debug|Any CPU = Debug|Any CPU
		Release|Any CPU = Release|Any CPU
	EndGlobalSection
	GlobalSection(ProjectConfigurationPlatforms) = postSolution
		{40A00035-85FD-44C1-9FDA-F7407FC98A01}.Debug|Any CPU.ActiveCfg = Debug|Any CPU
		{40A00035-85FD-44C1-9FDA-F7407FC98A01}.Debug|Any CPU.Build.0 = Debug|Any CPU
		{40A00035-85FD-44C1-9FDA-F7407FC98A01}.Release|Any CPU.ActiveCfg = Release|Any CPU
		{40A00035-85FD-44C1-9FDA-F7407FC98A01}.Release|Any CPU.Build.0 = Release|Any CPU
	EndGlobalSection
	GlobalSection(SolutionProperties) = preSolution
		HideSolutionNode = FALSE
	EndGlobalSection
	GlobalSection(ExtensibilityGlobals) = postSolution
		SolutionGuid = {A2FBEA4B-5FF3-445E-AB2D-2BC539BBB2D8}
	EndGlobalSection
EndGlobal
