
Microsoft Visual Studio Solution File, Format Version 12.00
# Visual Studio Version 16
VisualStudioVersion = 16.0.33529.622
MinimumVisualStudioVersion = 10.0.40219.1
Project("{FAE04EC0-301F-11D3-BF4B-00C04F79EFBC}") = "ControlCheck1", "ControlCheck1\ControlCheck1.csproj", "{7F6D4586-3111-499E-BFFC-A4E37554160F}"
EndProject
Global
	GlobalSection(SolutionConfigurationPlatforms) = preSolution
		Debug|Any CPU = Debug|Any CPU
		Release|Any CPU = Release|Any CPU
	EndGlobalSection
	GlobalSection(ProjectConfigurationPlatforms) = postSolution
		{7F6D4586-3111-499E-BFFC-A4E37554160F}.Debug|Any CPU.ActiveCfg = Debug|Any CPU
		{7F6D4586-3111-499E-BFFC-A4E37554160F}.Debug|Any CPU.Build.0 = Debug|Any CPU
		{7F6D4586-3111-499E-BFFC-A4E37554160F}.Release|Any CPU.ActiveCfg = Release|Any CPU
		{7F6D4586-3111-499E-BFFC-A4E37554160F}.Release|Any CPU.Build.0 = Release|Any CPU
	EndGlobalSection
	GlobalSection(SolutionProperties) = preSolution
		HideSolutionNode = FALSE
	EndGlobalSection
	GlobalSection(ExtensibilityGlobals) = postSolution
		SolutionGuid = {F29FE58F-6A21-4A0B-B673-3259CA0817E5}
	EndGlobalSection
EndGlobal
