
Microsoft Visual Studio Solution File, Format Version 12.00
# Visual Studio Version 16
VisualStudioVersion = 16.0.33529.622
MinimumVisualStudioVersion = 10.0.40219.1
Project("{FAE04EC0-301F-11D3-BF4B-00C04F79EFBC}") = "StudyP110", "StudyP110\StudyP110.csproj", "{9FEF51DF-9EE3-49FA-BAC9-9652A875E129}"
EndProject
Global
	GlobalSection(SolutionConfigurationPlatforms) = preSolution
		Debug|Any CPU = Debug|Any CPU
		Release|Any CPU = Release|Any CPU
	EndGlobalSection
	GlobalSection(ProjectConfigurationPlatforms) = postSolution
		{9FEF51DF-9EE3-49FA-BAC9-9652A875E129}.Debug|Any CPU.ActiveCfg = Debug|Any CPU
		{9FEF51DF-9EE3-49FA-BAC9-9652A875E129}.Debug|Any CPU.Build.0 = Debug|Any CPU
		{9FEF51DF-9EE3-49FA-BAC9-9652A875E129}.Release|Any CPU.ActiveCfg = Release|Any CPU
		{9FEF51DF-9EE3-49FA-BAC9-9652A875E129}.Release|Any CPU.Build.0 = Release|Any CPU
	EndGlobalSection
	GlobalSection(SolutionProperties) = preSolution
		HideSolutionNode = FALSE
	EndGlobalSection
	GlobalSection(ExtensibilityGlobals) = postSolution
		SolutionGuid = {4D189F9E-99AE-496B-8841-B17391B4360E}
	EndGlobalSection
EndGlobal
