
Microsoft Visual Studio Solution File, Format Version 12.00
# Visual Studio Version 16
VisualStudioVersion = 16.0.33529.622
MinimumVisualStudioVersion = 10.0.40219.1
Project("{FAE04EC0-301F-11D3-BF4B-00C04F79EFBC}") = "syoumatu4", "syoumatu4\syoumatu4.csproj", "{FA2BD9E3-F131-460A-AD7A-0B192DBC0F63}"
EndProject
Global
	GlobalSection(SolutionConfigurationPlatforms) = preSolution
		Debug|Any CPU = Debug|Any CPU
		Release|Any CPU = Release|Any CPU
	EndGlobalSection
	GlobalSection(ProjectConfigurationPlatforms) = postSolution
		{FA2BD9E3-F131-460A-AD7A-0B192DBC0F63}.Debug|Any CPU.ActiveCfg = Debug|Any CPU
		{FA2BD9E3-F131-460A-AD7A-0B192DBC0F63}.Debug|Any CPU.Build.0 = Debug|Any CPU
		{FA2BD9E3-F131-460A-AD7A-0B192DBC0F63}.Release|Any CPU.ActiveCfg = Release|Any CPU
		{FA2BD9E3-F131-460A-AD7A-0B192DBC0F63}.Release|Any CPU.Build.0 = Release|Any CPU
	EndGlobalSection
	GlobalSection(SolutionProperties) = preSolution
		HideSolutionNode = FALSE
	EndGlobalSection
	GlobalSection(ExtensibilityGlobals) = postSolution
		SolutionGuid = {7BEAE188-8F70-4C7E-89D8-25BCBC50241F}
	EndGlobalSection
EndGlobal
