
Microsoft Visual Studio Solution File, Format Version 12.00
# Visual Studio Version 16
VisualStudioVersion = 16.0.33529.622
MinimumVisualStudioVersion = 10.0.40219.1
Project("{FAE04EC0-301F-11D3-BF4B-00C04F79EFBC}") = "MultiplicationTable", "MultiplicationTable\MultiplicationTable.csproj", "{0888919B-F67B-489C-85C3-7DB01C263270}"
EndProject
Global
	GlobalSection(SolutionConfigurationPlatforms) = preSolution
		Debug|Any CPU = Debug|Any CPU
		Release|Any CPU = Release|Any CPU
	EndGlobalSection
	GlobalSection(ProjectConfigurationPlatforms) = postSolution
		{0888919B-F67B-489C-85C3-7DB01C263270}.Debug|Any CPU.ActiveCfg = Debug|Any CPU
		{0888919B-F67B-489C-85C3-7DB01C263270}.Debug|Any CPU.Build.0 = Debug|Any CPU
		{0888919B-F67B-489C-85C3-7DB01C263270}.Release|Any CPU.ActiveCfg = Release|Any CPU
		{0888919B-F67B-489C-85C3-7DB01C263270}.Release|Any CPU.Build.0 = Release|Any CPU
	EndGlobalSection
	GlobalSection(SolutionProperties) = preSolution
		HideSolutionNode = FALSE
	EndGlobalSection
	GlobalSection(ExtensibilityGlobals) = postSolution
		SolutionGuid = {523B3A12-1146-4BA1-94E8-A74FE1D48C05}
	EndGlobalSection
EndGlobal
