
Microsoft Visual Studio Solution File, Format Version 12.00
# Visual Studio Version 16
VisualStudioVersion = 16.0.33529.622
MinimumVisualStudioVersion = 10.0.40219.1
Project("{FAE04EC0-301F-11D3-BF4B-00C04F79EFBC}") = "MultiplicationTable", "MultiplicationTable\MultiplicationTable.csproj", "{C0F1582A-599B-4E74-9D24-0B5C42452883}"
EndProject
Global
	GlobalSection(SolutionConfigurationPlatforms) = preSolution
		Debug|Any CPU = Debug|Any CPU
		Release|Any CPU = Release|Any CPU
	EndGlobalSection
	GlobalSection(ProjectConfigurationPlatforms) = postSolution
		{C0F1582A-599B-4E74-9D24-0B5C42452883}.Debug|Any CPU.ActiveCfg = Debug|Any CPU
		{C0F1582A-599B-4E74-9D24-0B5C42452883}.Debug|Any CPU.Build.0 = Debug|Any CPU
		{C0F1582A-599B-4E74-9D24-0B5C42452883}.Release|Any CPU.ActiveCfg = Release|Any CPU
		{C0F1582A-599B-4E74-9D24-0B5C42452883}.Release|Any CPU.Build.0 = Release|Any CPU
	EndGlobalSection
	GlobalSection(SolutionProperties) = preSolution
		HideSolutionNode = FALSE
	EndGlobalSection
	GlobalSection(ExtensibilityGlobals) = postSolution
		SolutionGuid = {E3362E80-069E-44AF-AE34-BE482B552909}
	EndGlobalSection
EndGlobal
