
Microsoft Visual Studio Solution File, Format Version 12.00
# Visual Studio Version 16
VisualStudioVersion = 16.0.33529.622
MinimumVisualStudioVersion = 10.0.40219.1
Project("{FAE04EC0-301F-11D3-BF4B-00C04F79EFBC}") = "MultiplicationTable", "MultiplicationTable\MultiplicationTable.csproj", "{A440731E-EBB0-4BAF-B6C8-AFE1F1259C89}"
EndProject
Global
	GlobalSection(SolutionConfigurationPlatforms) = preSolution
		Debug|Any CPU = Debug|Any CPU
		Release|Any CPU = Release|Any CPU
	EndGlobalSection
	GlobalSection(ProjectConfigurationPlatforms) = postSolution
		{A440731E-EBB0-4BAF-B6C8-AFE1F1259C89}.Debug|Any CPU.ActiveCfg = Debug|Any CPU
		{A440731E-EBB0-4BAF-B6C8-AFE1F1259C89}.Debug|Any CPU.Build.0 = Debug|Any CPU
		{A440731E-EBB0-4BAF-B6C8-AFE1F1259C89}.Release|Any CPU.ActiveCfg = Release|Any CPU
		{A440731E-EBB0-4BAF-B6C8-AFE1F1259C89}.Release|Any CPU.Build.0 = Release|Any CPU
	EndGlobalSection
	GlobalSection(SolutionProperties) = preSolution
		HideSolutionNode = FALSE
	EndGlobalSection
	GlobalSection(ExtensibilityGlobals) = postSolution
		SolutionGuid = {45931D51-8C45-4928-BED2-30E774C3F747}
	EndGlobalSection
EndGlobal
