
Microsoft Visual Studio Solution File, Format Version 12.00
# Visual Studio Version 16
VisualStudioVersion = 16.0.33529.622
MinimumVisualStudioVersion = 10.0.40219.1
Project("{FAE04EC0-301F-11D3-BF4B-00C04F79EFBC}") = "SplitCost", "SplitCost\SplitCost.csproj", "{ABF86AFB-B95E-45F9-97AC-F40BE2CA5A38}"
EndProject
Global
	GlobalSection(SolutionConfigurationPlatforms) = preSolution
		Debug|Any CPU = Debug|Any CPU
		Release|Any CPU = Release|Any CPU
	EndGlobalSection
	GlobalSection(ProjectConfigurationPlatforms) = postSolution
		{ABF86AFB-B95E-45F9-97AC-F40BE2CA5A38}.Debug|Any CPU.ActiveCfg = Debug|Any CPU
		{ABF86AFB-B95E-45F9-97AC-F40BE2CA5A38}.Debug|Any CPU.Build.0 = Debug|Any CPU
		{ABF86AFB-B95E-45F9-97AC-F40BE2CA5A38}.Release|Any CPU.ActiveCfg = Release|Any CPU
		{ABF86AFB-B95E-45F9-97AC-F40BE2CA5A38}.Release|Any CPU.Build.0 = Release|Any CPU
	EndGlobalSection
	GlobalSection(SolutionProperties) = preSolution
		HideSolutionNode = FALSE
	EndGlobalSection
	GlobalSection(ExtensibilityGlobals) = postSolution
		SolutionGuid = {54500902-CEFE-45D2-81FD-8CFB93B63522}
	EndGlobalSection
EndGlobal
