
Microsoft Visual Studio Solution File, Format Version 12.00
# Visual Studio Version 16
VisualStudioVersion = 16.0.33529.622
MinimumVisualStudioVersion = 10.0.40219.1
Project("{FAE04EC0-301F-11D3-BF4B-00C04F79EFBC}") = "SplitCost", "SplitCost\SplitCost.csproj", "{1C0A9959-CDD7-4895-8A1A-22F58D7EE0A7}"
EndProject
Global
	GlobalSection(SolutionConfigurationPlatforms) = preSolution
		Debug|Any CPU = Debug|Any CPU
		Release|Any CPU = Release|Any CPU
	EndGlobalSection
	GlobalSection(ProjectConfigurationPlatforms) = postSolution
		{1C0A9959-CDD7-4895-8A1A-22F58D7EE0A7}.Debug|Any CPU.ActiveCfg = Debug|Any CPU
		{1C0A9959-CDD7-4895-8A1A-22F58D7EE0A7}.Debug|Any CPU.Build.0 = Debug|Any CPU
		{1C0A9959-CDD7-4895-8A1A-22F58D7EE0A7}.Release|Any CPU.ActiveCfg = Release|Any CPU
		{1C0A9959-CDD7-4895-8A1A-22F58D7EE0A7}.Release|Any CPU.Build.0 = Release|Any CPU
	EndGlobalSection
	GlobalSection(SolutionProperties) = preSolution
		HideSolutionNode = FALSE
	EndGlobalSection
	GlobalSection(ExtensibilityGlobals) = postSolution
		SolutionGuid = {C2B53F06-CABA-4D34-921B-46337EB89B0D}
	EndGlobalSection
EndGlobal
