
Microsoft Visual Studio Solution File, Format Version 12.00
# Visual Studio Version 16
VisualStudioVersion = 16.0.33529.622
MinimumVisualStudioVersion = 10.0.40219.1
Project("{FAE04EC0-301F-11D3-BF4B-00C04F79EFBC}") = "SplitCost", "SplitCost\SplitCost.csproj", "{514341F6-D093-44B3-826F-4E199A0663B0}"
EndProject
Global
	GlobalSection(SolutionConfigurationPlatforms) = preSolution
		Debug|Any CPU = Debug|Any CPU
		Release|Any CPU = Release|Any CPU
	EndGlobalSection
	GlobalSection(ProjectConfigurationPlatforms) = postSolution
		{514341F6-D093-44B3-826F-4E199A0663B0}.Debug|Any CPU.ActiveCfg = Debug|Any CPU
		{514341F6-D093-44B3-826F-4E199A0663B0}.Debug|Any CPU.Build.0 = Debug|Any CPU
		{514341F6-D093-44B3-826F-4E199A0663B0}.Release|Any CPU.ActiveCfg = Release|Any CPU
		{514341F6-D093-44B3-826F-4E199A0663B0}.Release|Any CPU.Build.0 = Release|Any CPU
	EndGlobalSection
	GlobalSection(SolutionProperties) = preSolution
		HideSolutionNode = FALSE
	EndGlobalSection
	GlobalSection(ExtensibilityGlobals) = postSolution
		SolutionGuid = {DB51F13F-4DAA-4A3E-B228-C8030B874C35}
	EndGlobalSection
EndGlobal
