
Microsoft Visual Studio Solution File, Format Version 12.00
# Visual Studio Version 16
VisualStudioVersion = 16.0.33529.622
MinimumVisualStudioVersion = 10.0.40219.1
Project("{FAE04EC0-301F-11D3-BF4B-00C04F79EFBC}") = "MulriplicationTable", "MulriplicationTable\MulriplicationTable.csproj", "{DADADE34-D8E3-4E31-A819-B217FB40686E}"
EndProject
Global
	GlobalSection(SolutionConfigurationPlatforms) = preSolution
		Debug|Any CPU = Debug|Any CPU
		Release|Any CPU = Release|Any CPU
	EndGlobalSection
	GlobalSection(ProjectConfigurationPlatforms) = postSolution
		{DADADE34-D8E3-4E31-A819-B217FB40686E}.Debug|Any CPU.ActiveCfg = Debug|Any CPU
		{DADADE34-D8E3-4E31-A819-B217FB40686E}.Debug|Any CPU.Build.0 = Debug|Any CPU
		{DADADE34-D8E3-4E31-A819-B217FB40686E}.Release|Any CPU.ActiveCfg = Release|Any CPU
		{DADADE34-D8E3-4E31-A819-B217FB40686E}.Release|Any CPU.Build.0 = Release|Any CPU
	EndGlobalSection
	GlobalSection(SolutionProperties) = preSolution
		HideSolutionNode = FALSE
	EndGlobalSection
	GlobalSection(ExtensibilityGlobals) = postSolution
		SolutionGuid = {D72AAF96-20B6-40E2-AF04-2533AD70C4A6}
	EndGlobalSection
EndGlobal
