
Microsoft Visual Studio Solution File, Format Version 12.00
# Visual Studio Version 16
VisualStudioVersion = 16.0.33529.622
MinimumVisualStudioVersion = 10.0.40219.1
Project("{FAE04EC0-301F-11D3-BF4B-00C04F79EFBC}") = "SplitCost]", "SplitCost]\SplitCost].csproj", "{6C824E17-CA0A-4967-89BD-D2E271548B57}"
EndProject
Global
	GlobalSection(SolutionConfigurationPlatforms) = preSolution
		Debug|Any CPU = Debug|Any CPU
		Release|Any CPU = Release|Any CPU
	EndGlobalSection
	GlobalSection(ProjectConfigurationPlatforms) = postSolution
		{6C824E17-CA0A-4967-89BD-D2E271548B57}.Debug|Any CPU.ActiveCfg = Debug|Any CPU
		{6C824E17-CA0A-4967-89BD-D2E271548B57}.Debug|Any CPU.Build.0 = Debug|Any CPU
		{6C824E17-CA0A-4967-89BD-D2E271548B57}.Release|Any CPU.ActiveCfg = Release|Any CPU
		{6C824E17-CA0A-4967-89BD-D2E271548B57}.Release|Any CPU.Build.0 = Release|Any CPU
	EndGlobalSection
	GlobalSection(SolutionProperties) = preSolution
		HideSolutionNode = FALSE
	EndGlobalSection
	GlobalSection(ExtensibilityGlobals) = postSolution
		SolutionGuid = {0CCBEFDC-8DE5-452E-85CE-49D65DF80514}
	EndGlobalSection
EndGlobal
