
Microsoft Visual Studio Solution File, Format Version 12.00
# Visual Studio Version 16
VisualStudioVersion = 16.0.33529.622
MinimumVisualStudioVersion = 10.0.40219.1
Project("{FAE04EC0-301F-11D3-BF4B-00C04F79EFBC}") = "StudyP071", "StudyP071\StudyP071.csproj", "{6BC846A1-6091-4F5C-9E91-719AEBDB8962}"
EndProject
Global
	GlobalSection(SolutionConfigurationPlatforms) = preSolution
		Debug|Any CPU = Debug|Any CPU
		Release|Any CPU = Release|Any CPU
	EndGlobalSection
	GlobalSection(ProjectConfigurationPlatforms) = postSolution
		{6BC846A1-6091-4F5C-9E91-719AEBDB8962}.Debug|Any CPU.ActiveCfg = Debug|Any CPU
		{6BC846A1-6091-4F5C-9E91-719AEBDB8962}.Debug|Any CPU.Build.0 = Debug|Any CPU
		{6BC846A1-6091-4F5C-9E91-719AEBDB8962}.Release|Any CPU.ActiveCfg = Release|Any CPU
		{6BC846A1-6091-4F5C-9E91-719AEBDB8962}.Release|Any CPU.Build.0 = Release|Any CPU
	EndGlobalSection
	GlobalSection(SolutionProperties) = preSolution
		HideSolutionNode = FALSE
	EndGlobalSection
	GlobalSection(ExtensibilityGlobals) = postSolution
		SolutionGuid = {5AEE5985-0B61-4A28-B9D8-FBA62A497627}
	EndGlobalSection
EndGlobal
