
Microsoft Visual Studio Solution File, Format Version 12.00
# Visual Studio Version 16
VisualStudioVersion = 16.0.33529.622
MinimumVisualStudioVersion = 10.0.40219.1
Project("{FAE04EC0-301F-11D3-BF4B-00C04F79EFBC}") = "WindowsFormsApp3", "WindowsFormsApp3\WindowsFormsApp3.csproj", "{99EFC53F-515E-4209-9700-CD12E9B76A7E}"
EndProject
Global
	GlobalSection(SolutionConfigurationPlatforms) = preSolution
		Debug|Any CPU = Debug|Any CPU
		Release|Any CPU = Release|Any CPU
	EndGlobalSection
	GlobalSection(ProjectConfigurationPlatforms) = postSolution
		{99EFC53F-515E-4209-9700-CD12E9B76A7E}.Debug|Any CPU.ActiveCfg = Debug|Any CPU
		{99EFC53F-515E-4209-9700-CD12E9B76A7E}.Debug|Any CPU.Build.0 = Debug|Any CPU
		{99EFC53F-515E-4209-9700-CD12E9B76A7E}.Release|Any CPU.ActiveCfg = Release|Any CPU
		{99EFC53F-515E-4209-9700-CD12E9B76A7E}.Release|Any CPU.Build.0 = Release|Any CPU
	EndGlobalSection
	GlobalSection(SolutionProperties) = preSolution
		HideSolutionNode = FALSE
	EndGlobalSection
	GlobalSection(ExtensibilityGlobals) = postSolution
		SolutionGuid = {76BD8951-ED81-4F11-9545-6AAA179DD0C9}
	EndGlobalSection
EndGlobal
