
Microsoft Visual Studio Solution File, Format Version 12.00
# Visual Studio Version 16
VisualStudioVersion = 16.0.34114.132
MinimumVisualStudioVersion = 10.0.40219.1
Project("{FAE04EC0-301F-11D3-BF4B-00C04F79EFBC}") = "Muhhhhhhhh", "Muhhhhhhhh\Muhhhhhhhh.csproj", "{1E8CE8A8-358F-49D6-9ABE-FC8AB4DBFF56}"
EndProject
Global
	GlobalSection(SolutionConfigurationPlatforms) = preSolution
		Debug|Any CPU = Debug|Any CPU
		Release|Any CPU = Release|Any CPU
	EndGlobalSection
	GlobalSection(ProjectConfigurationPlatforms) = postSolution
		{1E8CE8A8-358F-49D6-9ABE-FC8AB4DBFF56}.Debug|Any CPU.ActiveCfg = Debug|Any CPU
		{1E8CE8A8-358F-49D6-9ABE-FC8AB4DBFF56}.Debug|Any CPU.Build.0 = Debug|Any CPU
		{1E8CE8A8-358F-49D6-9ABE-FC8AB4DBFF56}.Release|Any CPU.ActiveCfg = Release|Any CPU
		{1E8CE8A8-358F-49D6-9ABE-FC8AB4DBFF56}.Release|Any CPU.Build.0 = Release|Any CPU
	EndGlobalSection
	GlobalSection(SolutionProperties) = preSolution
		HideSolutionNode = FALSE
	EndGlobalSection
	GlobalSection(ExtensibilityGlobals) = postSolution
		SolutionGuid = {37DF5C3A-3B67-4C14-8854-7264F57BFA01}
	EndGlobalSection
EndGlobal
