
Microsoft Visual Studio Solution File, Format Version 12.00
# Visual Studio Version 16
VisualStudioVersion = 16.0.33529.622
MinimumVisualStudioVersion = 10.0.40219.1
Project("{FAE04EC0-301F-11D3-BF4B-00C04F79EFBC}") = "Week Of Day", "Week Of Day\Week Of Day.csproj", "{03987AED-BCF6-4F6B-A183-387B03812AEC}"
EndProject
Global
	GlobalSection(SolutionConfigurationPlatforms) = preSolution
		Debug|Any CPU = Debug|Any CPU
		Release|Any CPU = Release|Any CPU
	EndGlobalSection
	GlobalSection(ProjectConfigurationPlatforms) = postSolution
		{03987AED-BCF6-4F6B-A183-387B03812AEC}.Debug|Any CPU.ActiveCfg = Debug|Any CPU
		{03987AED-BCF6-4F6B-A183-387B03812AEC}.Debug|Any CPU.Build.0 = Debug|Any CPU
		{03987AED-BCF6-4F6B-A183-387B03812AEC}.Release|Any CPU.ActiveCfg = Release|Any CPU
		{03987AED-BCF6-4F6B-A183-387B03812AEC}.Release|Any CPU.Build.0 = Release|Any CPU
	EndGlobalSection
	GlobalSection(SolutionProperties) = preSolution
		HideSolutionNode = FALSE
	EndGlobalSection
	GlobalSection(ExtensibilityGlobals) = postSolution
		SolutionGuid = {4A8A751B-70C2-4E95-BDD0-3BD45B059033}
	EndGlobalSection
EndGlobal
