
Microsoft Visual Studio Solution File, Format Version 12.00
# Visual Studio Version 16
VisualStudioVersion = 16.0.33529.622
MinimumVisualStudioVersion = 10.0.40219.1
Project("{FAE04EC0-301F-11D3-BF4B-00C04F79EFBC}") = "WindowsFormsApp2", "WindowsFormsApp2\WindowsFormsApp2.csproj", "{5C3C3CB1-A739-4A10-AF5F-39F01FEDE44D}"
EndProject
Global
	GlobalSection(SolutionConfigurationPlatforms) = preSolution
		Debug|Any CPU = Debug|Any CPU
		Release|Any CPU = Release|Any CPU
	EndGlobalSection
	GlobalSection(ProjectConfigurationPlatforms) = postSolution
		{5C3C3CB1-A739-4A10-AF5F-39F01FEDE44D}.Debug|Any CPU.ActiveCfg = Debug|Any CPU
		{5C3C3CB1-A739-4A10-AF5F-39F01FEDE44D}.Debug|Any CPU.Build.0 = Debug|Any CPU
		{5C3C3CB1-A739-4A10-AF5F-39F01FEDE44D}.Release|Any CPU.ActiveCfg = Release|Any CPU
		{5C3C3CB1-A739-4A10-AF5F-39F01FEDE44D}.Release|Any CPU.Build.0 = Release|Any CPU
	EndGlobalSection
	GlobalSection(SolutionProperties) = preSolution
		HideSolutionNode = FALSE
	EndGlobalSection
	GlobalSection(ExtensibilityGlobals) = postSolution
		SolutionGuid = {B8885084-CE77-4ECB-958C-29D8772AF464}
	EndGlobalSection
EndGlobal
