
Microsoft Visual Studio Solution File, Format Version 12.00
# Visual Studio Version 16
VisualStudioVersion = 16.0.33529.622
MinimumVisualStudioVersion = 10.0.40219.1
Project("{FAE04EC0-301F-11D3-BF4B-00C04F79EFBC}") = "GradeCheck", "GradeCheck\GradeCheck.csproj", "{53DE8109-D5FE-482F-A1B1-4549B14C700E}"
EndProject
Global
	GlobalSection(SolutionConfigurationPlatforms) = preSolution
		Debug|Any CPU = Debug|Any CPU
		Release|Any CPU = Release|Any CPU
	EndGlobalSection
	GlobalSection(ProjectConfigurationPlatforms) = postSolution
		{53DE8109-D5FE-482F-A1B1-4549B14C700E}.Debug|Any CPU.ActiveCfg = Debug|Any CPU
		{53DE8109-D5FE-482F-A1B1-4549B14C700E}.Debug|Any CPU.Build.0 = Debug|Any CPU
		{53DE8109-D5FE-482F-A1B1-4549B14C700E}.Release|Any CPU.ActiveCfg = Release|Any CPU
		{53DE8109-D5FE-482F-A1B1-4549B14C700E}.Release|Any CPU.Build.0 = Release|Any CPU
	EndGlobalSection
	GlobalSection(SolutionProperties) = preSolution
		HideSolutionNode = FALSE
	EndGlobalSection
	GlobalSection(ExtensibilityGlobals) = postSolution
		SolutionGuid = {CEC67810-387B-4149-8885-3780A07802C0}
	EndGlobalSection
EndGlobal
