
Microsoft Visual Studio Solution File, Format Version 12.00
# Visual Studio Version 16
VisualStudioVersion = 16.0.33529.622
MinimumVisualStudioVersion = 10.0.40219.1
Project("{FAE04EC0-301F-11D3-BF4B-00C04F79EFBC}") = "StudyModulus", "StudyModulus\StudyModulus.csproj", "{DEE3DE14-15F5-45B5-AB53-5B9738852388}"
EndProject
Global
	GlobalSection(SolutionConfigurationPlatforms) = preSolution
		Debug|Any CPU = Debug|Any CPU
		Release|Any CPU = Release|Any CPU
	EndGlobalSection
	GlobalSection(ProjectConfigurationPlatforms) = postSolution
		{DEE3DE14-15F5-45B5-AB53-5B9738852388}.Debug|Any CPU.ActiveCfg = Debug|Any CPU
		{DEE3DE14-15F5-45B5-AB53-5B9738852388}.Debug|Any CPU.Build.0 = Debug|Any CPU
		{DEE3DE14-15F5-45B5-AB53-5B9738852388}.Release|Any CPU.ActiveCfg = Release|Any CPU
		{DEE3DE14-15F5-45B5-AB53-5B9738852388}.Release|Any CPU.Build.0 = Release|Any CPU
	EndGlobalSection
	GlobalSection(SolutionProperties) = preSolution
		HideSolutionNode = FALSE
	EndGlobalSection
	GlobalSection(ExtensibilityGlobals) = postSolution
		SolutionGuid = {E7406859-1149-4440-A6AC-F26FE8B970B8}
	EndGlobalSection
EndGlobal
