
Microsoft Visual Studio Solution File, Format Version 12.00
# Visual Studio Version 16
VisualStudioVersion = 16.0.33529.622
MinimumVisualStudioVersion = 10.0.40219.1
Project("{FAE04EC0-301F-11D3-BF4B-00C04F79EFBC}") = "Multiplication Table", "Multiplication Table\Multiplication Table.csproj", "{67AF6A8F-C1B6-43E6-8C43-A1D471B0B3D5}"
EndProject
Global
	GlobalSection(SolutionConfigurationPlatforms) = preSolution
		Debug|Any CPU = Debug|Any CPU
		Release|Any CPU = Release|Any CPU
	EndGlobalSection
	GlobalSection(ProjectConfigurationPlatforms) = postSolution
		{67AF6A8F-C1B6-43E6-8C43-A1D471B0B3D5}.Debug|Any CPU.ActiveCfg = Debug|Any CPU
		{67AF6A8F-C1B6-43E6-8C43-A1D471B0B3D5}.Debug|Any CPU.Build.0 = Debug|Any CPU
		{67AF6A8F-C1B6-43E6-8C43-A1D471B0B3D5}.Release|Any CPU.ActiveCfg = Release|Any CPU
		{67AF6A8F-C1B6-43E6-8C43-A1D471B0B3D5}.Release|Any CPU.Build.0 = Release|Any CPU
	EndGlobalSection
	GlobalSection(SolutionProperties) = preSolution
		HideSolutionNode = FALSE
	EndGlobalSection
	GlobalSection(ExtensibilityGlobals) = postSolution
		SolutionGuid = {7B24CEEE-3F9E-42E8-9115-D712B6AC919B}
	EndGlobalSection
EndGlobal
