
Microsoft Visual Studio Solution File, Format Version 12.00
# Visual Studio Version 16
VisualStudioVersion = 16.0.33529.622
MinimumVisualStudioVersion = 10.0.40219.1
Project("{FAE04EC0-301F-11D3-BF4B-00C04F79EFBC}") = "StudyP086", "StudyP086\StudyP086.csproj", "{EDF20CF4-C645-4F57-AC7F-E5A1F9817463}"
EndProject
Global
	GlobalSection(SolutionConfigurationPlatforms) = preSolution
		Debug|Any CPU = Debug|Any CPU
		Release|Any CPU = Release|Any CPU
	EndGlobalSection
	GlobalSection(ProjectConfigurationPlatforms) = postSolution
		{EDF20CF4-C645-4F57-AC7F-E5A1F9817463}.Debug|Any CPU.ActiveCfg = Debug|Any CPU
		{EDF20CF4-C645-4F57-AC7F-E5A1F9817463}.Debug|Any CPU.Build.0 = Debug|Any CPU
		{EDF20CF4-C645-4F57-AC7F-E5A1F9817463}.Release|Any CPU.ActiveCfg = Release|Any CPU
		{EDF20CF4-C645-4F57-AC7F-E5A1F9817463}.Release|Any CPU.Build.0 = Release|Any CPU
	EndGlobalSection
	GlobalSection(SolutionProperties) = preSolution
		HideSolutionNode = FALSE
	EndGlobalSection
	GlobalSection(ExtensibilityGlobals) = postSolution
		SolutionGuid = {862B00B3-EC8B-4DFF-97F4-E6FA0AB42D9D}
	EndGlobalSection
EndGlobal
