
Microsoft Visual Studio Solution File, Format Version 12.00
# Visual Studio Version 16
VisualStudioVersion = 16.0.33529.622
MinimumVisualStudioVersion = 10.0.40219.1
Project("{FAE04EC0-301F-11D3-BF4B-00C04F79EFBC}") = "練習問題p097", "練習問題p097\練習問題p097.csproj", "{7AB60EC4-7929-4A50-B9B3-CA25E25C31E1}"
EndProject
Global
	GlobalSection(SolutionConfigurationPlatforms) = preSolution
		Debug|Any CPU = Debug|Any CPU
		Release|Any CPU = Release|Any CPU
	EndGlobalSection
	GlobalSection(ProjectConfigurationPlatforms) = postSolution
		{7AB60EC4-7929-4A50-B9B3-CA25E25C31E1}.Debug|Any CPU.ActiveCfg = Debug|Any CPU
		{7AB60EC4-7929-4A50-B9B3-CA25E25C31E1}.Debug|Any CPU.Build.0 = Debug|Any CPU
		{7AB60EC4-7929-4A50-B9B3-CA25E25C31E1}.Release|Any CPU.ActiveCfg = Release|Any CPU
		{7AB60EC4-7929-4A50-B9B3-CA25E25C31E1}.Release|Any CPU.Build.0 = Release|Any CPU
	EndGlobalSection
	GlobalSection(SolutionProperties) = preSolution
		HideSolutionNode = FALSE
	EndGlobalSection
	GlobalSection(ExtensibilityGlobals) = postSolution
		SolutionGuid = {33C79E40-1EF0-40F4-A738-6CBC0C019FD7}
	EndGlobalSection
EndGlobal
