
Microsoft Visual Studio Solution File, Format Version 12.00
# Visual Studio Version 16
VisualStudioVersion = 16.0.33529.622
MinimumVisualStudioVersion = 10.0.40219.1
Project("{FAE04EC0-301F-11D3-BF4B-00C04F79EFBC}") = "WeekOfDay", "WeekOfDay\WeekOfDay.csproj", "{DF68F5CB-01AE-4C58-863A-F8BECAAC2657}"
EndProject
Global
	GlobalSection(SolutionConfigurationPlatforms) = preSolution
		Debug|Any CPU = Debug|Any CPU
		Release|Any CPU = Release|Any CPU
	EndGlobalSection
	GlobalSection(ProjectConfigurationPlatforms) = postSolution
		{DF68F5CB-01AE-4C58-863A-F8BECAAC2657}.Debug|Any CPU.ActiveCfg = Debug|Any CPU
		{DF68F5CB-01AE-4C58-863A-F8BECAAC2657}.Debug|Any CPU.Build.0 = Debug|Any CPU
		{DF68F5CB-01AE-4C58-863A-F8BECAAC2657}.Release|Any CPU.ActiveCfg = Release|Any CPU
		{DF68F5CB-01AE-4C58-863A-F8BECAAC2657}.Release|Any CPU.Build.0 = Release|Any CPU
	EndGlobalSection
	GlobalSection(SolutionProperties) = preSolution
		HideSolutionNode = FALSE
	EndGlobalSection
	GlobalSection(ExtensibilityGlobals) = postSolution
		SolutionGuid = {15F87785-6E8B-472A-851A-E1B7F5291860}
	EndGlobalSection
EndGlobal
