
Microsoft Visual Studio Solution File, Format Version 12.00
# Visual Studio Version 16
VisualStudioVersion = 16.0.33529.622
MinimumVisualStudioVersion = 10.0.40219.1
Project("{FAE04EC0-301F-11D3-BF4B-00C04F79EFBC}") = "WeekOfDay", "WeekOfDay\WeekOfDay.csproj", "{51A7028B-8899-4397-BF7E-3DD5B6AC24BC}"
EndProject
Global
	GlobalSection(SolutionConfigurationPlatforms) = preSolution
		Debug|Any CPU = Debug|Any CPU
		Release|Any CPU = Release|Any CPU
	EndGlobalSection
	GlobalSection(ProjectConfigurationPlatforms) = postSolution
		{51A7028B-8899-4397-BF7E-3DD5B6AC24BC}.Debug|Any CPU.ActiveCfg = Debug|Any CPU
		{51A7028B-8899-4397-BF7E-3DD5B6AC24BC}.Debug|Any CPU.Build.0 = Debug|Any CPU
		{51A7028B-8899-4397-BF7E-3DD5B6AC24BC}.Release|Any CPU.ActiveCfg = Release|Any CPU
		{51A7028B-8899-4397-BF7E-3DD5B6AC24BC}.Release|Any CPU.Build.0 = Release|Any CPU
	EndGlobalSection
	GlobalSection(SolutionProperties) = preSolution
		HideSolutionNode = FALSE
	EndGlobalSection
	GlobalSection(ExtensibilityGlobals) = postSolution
		SolutionGuid = {1D1B8809-8E74-4215-B222-9029204979E9}
	EndGlobalSection
EndGlobal
