
Microsoft Visual Studio Solution File, Format Version 12.00
# Visual Studio Version 16
VisualStudioVersion = 16.0.33529.622
MinimumVisualStudioVersion = 10.0.40219.1
Project("{FAE04EC0-301F-11D3-BF4B-00C04F79EFBC}") = "Guess", "Guess\Guess.csproj", "{DA59D318-CDB9-4075-96E9-31A61419C8D2}"
EndProject
Global
	GlobalSection(SolutionConfigurationPlatforms) = preSolution
		Debug|Any CPU = Debug|Any CPU
		Release|Any CPU = Release|Any CPU
	EndGlobalSection
	GlobalSection(ProjectConfigurationPlatforms) = postSolution
		{DA59D318-CDB9-4075-96E9-31A61419C8D2}.Debug|Any CPU.ActiveCfg = Debug|Any CPU
		{DA59D318-CDB9-4075-96E9-31A61419C8D2}.Debug|Any CPU.Build.0 = Debug|Any CPU
		{DA59D318-CDB9-4075-96E9-31A61419C8D2}.Release|Any CPU.ActiveCfg = Release|Any CPU
		{DA59D318-CDB9-4075-96E9-31A61419C8D2}.Release|Any CPU.Build.0 = Release|Any CPU
	EndGlobalSection
	GlobalSection(SolutionProperties) = preSolution
		HideSolutionNode = FALSE
	EndGlobalSection
	GlobalSection(ExtensibilityGlobals) = postSolution
		SolutionGuid = {CD7B49D6-26E2-4B35-815C-4463FE06AF95}
	EndGlobalSection
EndGlobal
