
Microsoft Visual Studio Solution File, Format Version 12.00
# Visual Studio Version 16
VisualStudioVersion = 16.0.33529.622
MinimumVisualStudioVersion = 10.0.40219.1
Project("{FAE04EC0-301F-11D3-BF4B-00C04F79EFBC}") = "Guess", "Guess\Guess.csproj", "{58C3F302-3D44-4F7E-A72E-3CA79E8EB9CD}"
EndProject
Global
	GlobalSection(SolutionConfigurationPlatforms) = preSolution
		Debug|Any CPU = Debug|Any CPU
		Release|Any CPU = Release|Any CPU
	EndGlobalSection
	GlobalSection(ProjectConfigurationPlatforms) = postSolution
		{58C3F302-3D44-4F7E-A72E-3CA79E8EB9CD}.Debug|Any CPU.ActiveCfg = Debug|Any CPU
		{58C3F302-3D44-4F7E-A72E-3CA79E8EB9CD}.Debug|Any CPU.Build.0 = Debug|Any CPU
		{58C3F302-3D44-4F7E-A72E-3CA79E8EB9CD}.Release|Any CPU.ActiveCfg = Release|Any CPU
		{58C3F302-3D44-4F7E-A72E-3CA79E8EB9CD}.Release|Any CPU.Build.0 = Release|Any CPU
	EndGlobalSection
	GlobalSection(SolutionProperties) = preSolution
		HideSolutionNode = FALSE
	EndGlobalSection
	GlobalSection(ExtensibilityGlobals) = postSolution
		SolutionGuid = {B3FB2BFF-A34F-4322-B825-80BF53CDEE6C}
	EndGlobalSection
EndGlobal
