
Microsoft Visual Studio Solution File, Format Version 12.00
# Visual Studio Version 16
VisualStudioVersion = 16.0.33529.622
MinimumVisualStudioVersion = 10.0.40219.1
Project("{FAE04EC0-301F-11D3-BF4B-00C04F79EFBC}") = "StudyModulus", "StudyModulus\StudyModulus.csproj", "{32F2C3CE-4C47-4263-97EA-01CF08B74D7A}"
EndProject
Global
	GlobalSection(SolutionConfigurationPlatforms) = preSolution
		Debug|Any CPU = Debug|Any CPU
		Release|Any CPU = Release|Any CPU
	EndGlobalSection
	GlobalSection(ProjectConfigurationPlatforms) = postSolution
		{32F2C3CE-4C47-4263-97EA-01CF08B74D7A}.Debug|Any CPU.ActiveCfg = Debug|Any CPU
		{32F2C3CE-4C47-4263-97EA-01CF08B74D7A}.Debug|Any CPU.Build.0 = Debug|Any CPU
		{32F2C3CE-4C47-4263-97EA-01CF08B74D7A}.Release|Any CPU.ActiveCfg = Release|Any CPU
		{32F2C3CE-4C47-4263-97EA-01CF08B74D7A}.Release|Any CPU.Build.0 = Release|Any CPU
	EndGlobalSection
	GlobalSection(SolutionProperties) = preSolution
		HideSolutionNode = FALSE
	EndGlobalSection
	GlobalSection(ExtensibilityGlobals) = postSolution
		SolutionGuid = {B29BB887-25A2-427C-B7CF-988DC1158F85}
	EndGlobalSection
EndGlobal
