
Microsoft Visual Studio Solution File, Format Version 12.00
# Visual Studio Version 16
VisualStudioVersion = 16.0.33529.622
MinimumVisualStudioVersion = 10.0.40219.1
Project("{FAE04EC0-301F-11D3-BF4B-00C04F79EFBC}") = "WindowsFormsApp1", "WindowsFormsApp1\WindowsFormsApp1.csproj", "{012A9A9F-6893-404A-B45B-8EC74510E944}"
EndProject
Global
	GlobalSection(SolutionConfigurationPlatforms) = preSolution
		Debug|Any CPU = Debug|Any CPU
		Release|Any CPU = Release|Any CPU
	EndGlobalSection
	GlobalSection(ProjectConfigurationPlatforms) = postSolution
		{012A9A9F-6893-404A-B45B-8EC74510E944}.Debug|Any CPU.ActiveCfg = Debug|Any CPU
		{012A9A9F-6893-404A-B45B-8EC74510E944}.Debug|Any CPU.Build.0 = Debug|Any CPU
		{012A9A9F-6893-404A-B45B-8EC74510E944}.Release|Any CPU.ActiveCfg = Release|Any CPU
		{012A9A9F-6893-404A-B45B-8EC74510E944}.Release|Any CPU.Build.0 = Release|Any CPU
	EndGlobalSection
	GlobalSection(SolutionProperties) = preSolution
		HideSolutionNode = FALSE
	EndGlobalSection
	GlobalSection(ExtensibilityGlobals) = postSolution
		SolutionGuid = {B1088BFE-BC20-4F99-A97E-1567184633B6}
	EndGlobalSection
EndGlobal
