
Microsoft Visual Studio Solution File, Format Version 12.00
# Visual Studio Version 16
VisualStudioVersion = 16.0.33529.622
MinimumVisualStudioVersion = 10.0.40219.1
Project("{FAE04EC0-301F-11D3-BF4B-00C04F79EFBC}") = "StudyP107", "StudyP107\StudyP107.csproj", "{6ADB6974-6B1B-4A91-A374-B2036990DCE1}"
EndProject
Global
	GlobalSection(SolutionConfigurationPlatforms) = preSolution
		Debug|Any CPU = Debug|Any CPU
		Release|Any CPU = Release|Any CPU
	EndGlobalSection
	GlobalSection(ProjectConfigurationPlatforms) = postSolution
		{6ADB6974-6B1B-4A91-A374-B2036990DCE1}.Debug|Any CPU.ActiveCfg = Debug|Any CPU
		{6ADB6974-6B1B-4A91-A374-B2036990DCE1}.Debug|Any CPU.Build.0 = Debug|Any CPU
		{6ADB6974-6B1B-4A91-A374-B2036990DCE1}.Release|Any CPU.ActiveCfg = Release|Any CPU
		{6ADB6974-6B1B-4A91-A374-B2036990DCE1}.Release|Any CPU.Build.0 = Release|Any CPU
	EndGlobalSection
	GlobalSection(SolutionProperties) = preSolution
		HideSolutionNode = FALSE
	EndGlobalSection
	GlobalSection(ExtensibilityGlobals) = postSolution
		SolutionGuid = {AF3AF101-0759-4C43-B03C-EB4D32B5DC94}
	EndGlobalSection
EndGlobal
