
Microsoft Visual Studio Solution File, Format Version 12.00
# Visual Studio Version 16
VisualStudioVersion = 16.0.33529.622
MinimumVisualStudioVersion = 10.0.40219.1
Project("{FAE04EC0-301F-11D3-BF4B-00C04F79EFBC}") = "ControlCheck", "ControlCheck\ControlCheck.csproj", "{EE529115-57C9-4A1D-A973-644DA0736660}"
EndProject
Global
	GlobalSection(SolutionConfigurationPlatforms) = preSolution
		Debug|Any CPU = Debug|Any CPU
		Release|Any CPU = Release|Any CPU
	EndGlobalSection
	GlobalSection(ProjectConfigurationPlatforms) = postSolution
		{EE529115-57C9-4A1D-A973-644DA0736660}.Debug|Any CPU.ActiveCfg = Debug|Any CPU
		{EE529115-57C9-4A1D-A973-644DA0736660}.Debug|Any CPU.Build.0 = Debug|Any CPU
		{EE529115-57C9-4A1D-A973-644DA0736660}.Release|Any CPU.ActiveCfg = Release|Any CPU
		{EE529115-57C9-4A1D-A973-644DA0736660}.Release|Any CPU.Build.0 = Release|Any CPU
	EndGlobalSection
	GlobalSection(SolutionProperties) = preSolution
		HideSolutionNode = FALSE
	EndGlobalSection
	GlobalSection(ExtensibilityGlobals) = postSolution
		SolutionGuid = {39EC6E1B-3895-4C92-B81C-AEE286F7FC00}
	EndGlobalSection
EndGlobal
