
Microsoft Visual Studio Solution File, Format Version 12.00
# Visual Studio Version 16
VisualStudioVersion = 16.0.33529.622
MinimumVisualStudioVersion = 10.0.40219.1
Project("{FAE04EC0-301F-11D3-BF4B-00C04F79EFBC}") = "ControlCheck", "ControlCheck\ControlCheck.csproj", "{CD8DE179-B966-4CBB-B720-5CE160FA435B}"
EndProject
Global
	GlobalSection(SolutionConfigurationPlatforms) = preSolution
		Debug|Any CPU = Debug|Any CPU
		Release|Any CPU = Release|Any CPU
	EndGlobalSection
	GlobalSection(ProjectConfigurationPlatforms) = postSolution
		{CD8DE179-B966-4CBB-B720-5CE160FA435B}.Debug|Any CPU.ActiveCfg = Debug|Any CPU
		{CD8DE179-B966-4CBB-B720-5CE160FA435B}.Debug|Any CPU.Build.0 = Debug|Any CPU
		{CD8DE179-B966-4CBB-B720-5CE160FA435B}.Release|Any CPU.ActiveCfg = Release|Any CPU
		{CD8DE179-B966-4CBB-B720-5CE160FA435B}.Release|Any CPU.Build.0 = Release|Any CPU
	EndGlobalSection
	GlobalSection(SolutionProperties) = preSolution
		HideSolutionNode = FALSE
	EndGlobalSection
	GlobalSection(ExtensibilityGlobals) = postSolution
		SolutionGuid = {BC748ACB-98AA-47C8-9818-E8E31AE35C1D}
	EndGlobalSection
EndGlobal
