
Microsoft Visual Studio Solution File, Format Version 12.00
# Visual Studio Version 16
VisualStudioVersion = 16.0.33529.622
MinimumVisualStudioVersion = 10.0.40219.1
Project("{FAE04EC0-301F-11D3-BF4B-00C04F79EFBC}") = "ControlCheck", "ControlCheck\ControlCheck.csproj", "{74ABF11F-5757-4E06-B685-3B155E7A9BDC}"
EndProject
Global
	GlobalSection(SolutionConfigurationPlatforms) = preSolution
		Debug|Any CPU = Debug|Any CPU
		Release|Any CPU = Release|Any CPU
	EndGlobalSection
	GlobalSection(ProjectConfigurationPlatforms) = postSolution
		{74ABF11F-5757-4E06-B685-3B155E7A9BDC}.Debug|Any CPU.ActiveCfg = Debug|Any CPU
		{74ABF11F-5757-4E06-B685-3B155E7A9BDC}.Debug|Any CPU.Build.0 = Debug|Any CPU
		{74ABF11F-5757-4E06-B685-3B155E7A9BDC}.Release|Any CPU.ActiveCfg = Release|Any CPU
		{74ABF11F-5757-4E06-B685-3B155E7A9BDC}.Release|Any CPU.Build.0 = Release|Any CPU
	EndGlobalSection
	GlobalSection(SolutionProperties) = preSolution
		HideSolutionNode = FALSE
	EndGlobalSection
	GlobalSection(ExtensibilityGlobals) = postSolution
		SolutionGuid = {48916D17-1780-41A8-8D2F-6AA6080BA888}
	EndGlobalSection
EndGlobal
