
Microsoft Visual Studio Solution File, Format Version 12.00
# Visual Studio Version 16
VisualStudioVersion = 16.0.33529.622
MinimumVisualStudioVersion = 10.0.40219.1
Project("{FAE04EC0-301F-11D3-BF4B-00C04F79EFBC}") = "Question4", "Question4\Question4.csproj", "{91172EA3-E9AD-4174-BC5D-5AF70CD0FAA6}"
EndProject
Global
	GlobalSection(SolutionConfigurationPlatforms) = preSolution
		Debug|Any CPU = Debug|Any CPU
		Release|Any CPU = Release|Any CPU
	EndGlobalSection
	GlobalSection(ProjectConfigurationPlatforms) = postSolution
		{91172EA3-E9AD-4174-BC5D-5AF70CD0FAA6}.Debug|Any CPU.ActiveCfg = Debug|Any CPU
		{91172EA3-E9AD-4174-BC5D-5AF70CD0FAA6}.Debug|Any CPU.Build.0 = Debug|Any CPU
		{91172EA3-E9AD-4174-BC5D-5AF70CD0FAA6}.Release|Any CPU.ActiveCfg = Release|Any CPU
		{91172EA3-E9AD-4174-BC5D-5AF70CD0FAA6}.Release|Any CPU.Build.0 = Release|Any CPU
	EndGlobalSection
	GlobalSection(SolutionProperties) = preSolution
		HideSolutionNode = FALSE
	EndGlobalSection
	GlobalSection(ExtensibilityGlobals) = postSolution
		SolutionGuid = {C1BB89C7-8F16-4913-8E16-3C1F1C780E3C}
	EndGlobalSection
EndGlobal
