
Microsoft Visual Studio Solution File, Format Version 12.00
# Visual Studio Version 16
VisualStudioVersion = 16.0.33529.622
MinimumVisualStudioVersion = 10.0.40219.1
Project("{FAE04EC0-301F-11D3-BF4B-00C04F79EFBC}") = "Weekofday0", "Weekofday0\Weekofday0.csproj", "{B682508B-87D4-432D-BB14-7E92B2855072}"
EndProject
Global
	GlobalSection(SolutionConfigurationPlatforms) = preSolution
		Debug|Any CPU = Debug|Any CPU
		Release|Any CPU = Release|Any CPU
	EndGlobalSection
	GlobalSection(ProjectConfigurationPlatforms) = postSolution
		{B682508B-87D4-432D-BB14-7E92B2855072}.Debug|Any CPU.ActiveCfg = Debug|Any CPU
		{B682508B-87D4-432D-BB14-7E92B2855072}.Debug|Any CPU.Build.0 = Debug|Any CPU
		{B682508B-87D4-432D-BB14-7E92B2855072}.Release|Any CPU.ActiveCfg = Release|Any CPU
		{B682508B-87D4-432D-BB14-7E92B2855072}.Release|Any CPU.Build.0 = Release|Any CPU
	EndGlobalSection
	GlobalSection(SolutionProperties) = preSolution
		HideSolutionNode = FALSE
	EndGlobalSection
	GlobalSection(ExtensibilityGlobals) = postSolution
		SolutionGuid = {0455E7F1-066B-4E1A-9EF9-E64A24568B28}
	EndGlobalSection
EndGlobal
