
Microsoft Visual Studio Solution File, Format Version 12.00
# Visual Studio Version 16
VisualStudioVersion = 16.0.33529.622
MinimumVisualStudioVersion = 10.0.40219.1
Project("{FAE04EC0-301F-11D3-BF4B-00C04F79EFBC}") = "WeekOfDay2", "WeekOfDay2\WeekOfDay2.csproj", "{40FE01B6-7FFF-4C63-8A69-7980403204DB}"
EndProject
Global
	GlobalSection(SolutionConfigurationPlatforms) = preSolution
		Debug|Any CPU = Debug|Any CPU
		Release|Any CPU = Release|Any CPU
	EndGlobalSection
	GlobalSection(ProjectConfigurationPlatforms) = postSolution
		{40FE01B6-7FFF-4C63-8A69-7980403204DB}.Debug|Any CPU.ActiveCfg = Debug|Any CPU
		{40FE01B6-7FFF-4C63-8A69-7980403204DB}.Debug|Any CPU.Build.0 = Debug|Any CPU
		{40FE01B6-7FFF-4C63-8A69-7980403204DB}.Release|Any CPU.ActiveCfg = Release|Any CPU
		{40FE01B6-7FFF-4C63-8A69-7980403204DB}.Release|Any CPU.Build.0 = Release|Any CPU
	EndGlobalSection
	GlobalSection(SolutionProperties) = preSolution
		HideSolutionNode = FALSE
	EndGlobalSection
	GlobalSection(ExtensibilityGlobals) = postSolution
		SolutionGuid = {4C5DA959-305D-47C7-9E65-68B4F09D6D24}
	EndGlobalSection
EndGlobal
