
Microsoft Visual Studio Solution File, Format Version 12.00
# Visual Studio Version 16
VisualStudioVersion = 16.0.33529.622
MinimumVisualStudioVersion = 10.0.40219.1
Project("{FAE04EC0-301F-11D3-BF4B-00C04F79EFBC}") = "WeekOfDay2", "WeekOfDay2\WeekOfDay2.csproj", "{65B07EC7-0975-4618-B2C3-44868BB81D83}"
EndProject
Global
	GlobalSection(SolutionConfigurationPlatforms) = preSolution
		Debug|Any CPU = Debug|Any CPU
		Release|Any CPU = Release|Any CPU
	EndGlobalSection
	GlobalSection(ProjectConfigurationPlatforms) = postSolution
		{65B07EC7-0975-4618-B2C3-44868BB81D83}.Debug|Any CPU.ActiveCfg = Debug|Any CPU
		{65B07EC7-0975-4618-B2C3-44868BB81D83}.Debug|Any CPU.Build.0 = Debug|Any CPU
		{65B07EC7-0975-4618-B2C3-44868BB81D83}.Release|Any CPU.ActiveCfg = Release|Any CPU
		{65B07EC7-0975-4618-B2C3-44868BB81D83}.Release|Any CPU.Build.0 = Release|Any CPU
	EndGlobalSection
	GlobalSection(SolutionProperties) = preSolution
		HideSolutionNode = FALSE
	EndGlobalSection
	GlobalSection(ExtensibilityGlobals) = postSolution
		SolutionGuid = {DB009C9B-7C5F-4176-9800-66D61B8AD134}
	EndGlobalSection
EndGlobal
