
Microsoft Visual Studio Solution File, Format Version 12.00
# Visual Studio Version 16
VisualStudioVersion = 16.0.33529.622
MinimumVisualStudioVersion = 10.0.40219.1
Project("{FAE04EC0-301F-11D3-BF4B-00C04F79EFBC}") = "multiplication", "multiplication\multiplication.csproj", "{3A2A9C62-45B1-4378-8F03-9AE8C2B835D8}"
EndProject
Global
	GlobalSection(SolutionConfigurationPlatforms) = preSolution
		Debug|Any CPU = Debug|Any CPU
		Release|Any CPU = Release|Any CPU
	EndGlobalSection
	GlobalSection(ProjectConfigurationPlatforms) = postSolution
		{3A2A9C62-45B1-4378-8F03-9AE8C2B835D8}.Debug|Any CPU.ActiveCfg = Debug|Any CPU
		{3A2A9C62-45B1-4378-8F03-9AE8C2B835D8}.Debug|Any CPU.Build.0 = Debug|Any CPU
		{3A2A9C62-45B1-4378-8F03-9AE8C2B835D8}.Release|Any CPU.ActiveCfg = Release|Any CPU
		{3A2A9C62-45B1-4378-8F03-9AE8C2B835D8}.Release|Any CPU.Build.0 = Release|Any CPU
	EndGlobalSection
	GlobalSection(SolutionProperties) = preSolution
		HideSolutionNode = FALSE
	EndGlobalSection
	GlobalSection(ExtensibilityGlobals) = postSolution
		SolutionGuid = {2CC6614A-9876-4CAE-BF3A-8A3A09378953}
	EndGlobalSection
EndGlobal
