
Microsoft Visual Studio Solution File, Format Version 12.00
# Visual Studio Version 16
VisualStudioVersion = 16.0.33529.622
MinimumVisualStudioVersion = 10.0.40219.1
Project("{FAE04EC0-301F-11D3-BF4B-00C04F79EFBC}") = "練習問題", "練習問題\練習問題.csproj", "{74F24EC8-F9EE-495F-9598-113D2A8E72B7}"
EndProject
Global
	GlobalSection(SolutionConfigurationPlatforms) = preSolution
		Debug|Any CPU = Debug|Any CPU
		Release|Any CPU = Release|Any CPU
	EndGlobalSection
	GlobalSection(ProjectConfigurationPlatforms) = postSolution
		{74F24EC8-F9EE-495F-9598-113D2A8E72B7}.Debug|Any CPU.ActiveCfg = Debug|Any CPU
		{74F24EC8-F9EE-495F-9598-113D2A8E72B7}.Debug|Any CPU.Build.0 = Debug|Any CPU
		{74F24EC8-F9EE-495F-9598-113D2A8E72B7}.Release|Any CPU.ActiveCfg = Release|Any CPU
		{74F24EC8-F9EE-495F-9598-113D2A8E72B7}.Release|Any CPU.Build.0 = Release|Any CPU
	EndGlobalSection
	GlobalSection(SolutionProperties) = preSolution
		HideSolutionNode = FALSE
	EndGlobalSection
	GlobalSection(ExtensibilityGlobals) = postSolution
		SolutionGuid = {B71EA670-3ED1-4B87-82B3-5312ABBD047C}
	EndGlobalSection
EndGlobal
