
Microsoft Visual Studio Solution File, Format Version 12.00
# Visual Studio Version 16
VisualStudioVersion = 16.0.33529.622
MinimumVisualStudioVersion = 10.0.40219.1
Project("{FAE04EC0-301F-11D3-BF4B-00C04F79EFBC}") = "ControlCheck2", "ControlCheck2\ControlCheck2.csproj", "{43D5E652-D35A-4948-B670-EC792E91973E}"
EndProject
Global
	GlobalSection(SolutionConfigurationPlatforms) = preSolution
		Debug|Any CPU = Debug|Any CPU
		Release|Any CPU = Release|Any CPU
	EndGlobalSection
	GlobalSection(ProjectConfigurationPlatforms) = postSolution
		{43D5E652-D35A-4948-B670-EC792E91973E}.Debug|Any CPU.ActiveCfg = Debug|Any CPU
		{43D5E652-D35A-4948-B670-EC792E91973E}.Debug|Any CPU.Build.0 = Debug|Any CPU
		{43D5E652-D35A-4948-B670-EC792E91973E}.Release|Any CPU.ActiveCfg = Release|Any CPU
		{43D5E652-D35A-4948-B670-EC792E91973E}.Release|Any CPU.Build.0 = Release|Any CPU
	EndGlobalSection
	GlobalSection(SolutionProperties) = preSolution
		HideSolutionNode = FALSE
	EndGlobalSection
	GlobalSection(ExtensibilityGlobals) = postSolution
		SolutionGuid = {48D6EE5F-BE72-474A-9274-B75049427B35}
	EndGlobalSection
EndGlobal
